
Microsoft Visual Studio Solution File, Format Version 12.00
# Visual Studio Version 17
VisualStudioVersion = 17.14.37111.16
MinimumVisualStudioVersion = 10.0.40219.1
Project("{FAE04EC0-301F-11D3-BF4B-00C04F79EFBC}") = "ChatingApp.BackEnd", "ChatingApp\ChatingApp.BackEnd.csproj", "{4CAE1766-31FA-4DA4-8F13-B4B381F3534A}"
EndProject
Global
	GlobalSection(SolutionConfigurationPlatforms) = preSolution
		Debug|Any CPU = Debug|Any CPU
		Release|Any CPU = Release|Any CPU
	EndGlobalSection
	GlobalSection(ProjectConfigurationPlatforms) = postSolution
		{4CAE1766-31FA-4DA4-8F13-B4B381F3534A}.Debug|Any CPU.ActiveCfg = Debug|Any CPU
		{4CAE1766-31FA-4DA4-8F13-B4B381F3534A}.Debug|Any CPU.Build.0 = Debug|Any CPU
		{4CAE1766-31FA-4DA4-8F13-B4B381F3534A}.Release|Any CPU.ActiveCfg = Release|Any CPU
		{4CAE1766-31FA-4DA4-8F13-B4B381F3534A}.Release|Any CPU.Build.0 = Release|Any CPU
	EndGlobalSection
	GlobalSection(SolutionProperties) = preSolution
		HideSolutionNode = FALSE
	EndGlobalSection
	GlobalSection(ExtensibilityGlobals) = postSolution
		SolutionGuid = {FD2839B1-AE0C-400A-9D96-796B20486C49}
	EndGlobalSection
EndGlobal
